{
  "name": "networkingtest",
  "version": "1.0.0",
  "lockfileVersion": 1,
  "requires": true,
  "dependencies": {
    "bcurl": {
      "version": "0.1.5",
      "resolved": "https://registry.npmjs.org/bcurl/-/bcurl-0.1.5.tgz",
      "integrity": "sha512-X4B/fQoIAvSLn+tudTERyC+jSIGRztZ+DO9hS94Phy1OYsQqd2kWsxxX4AW1N09jJiCPzl0aCoLFoIrZP4Ofwg==",
      "requires": {
        "brq": "~0.1.6",
        "bsert": "~0.0.8",
        "bsock": "~0.1.5"
      }
    },
    "blgr": {
      "version": "0.1.7",
      "resolved": "https://registry.npmjs.org/blgr/-/blgr-0.1.7.tgz",
      "integrity": "sha512-+jSaU2jnYqF+ec9e8nzjfjU7QhZIntkDNG8/AEwoxW7J3mmwvmUfAI5lm9BFYs1OzT+1UgIZTFHa2qWjTBURfw==",
      "requires": {
        "bsert": "~0.0.10"
      },
      "dependencies": {
        "bsert": {
          "version": "0.0.10",
          "resolved": "https://registry.npmjs.org/bsert/-/bsert-0.0.10.tgz",
          "integrity": "sha512-NHNwlac+WPy4t2LoNh8pXk8uaIGH3NSaIUbTTRXGpE2WEbq0te/tDykYHkFK57YKLPjv/aGHmbqvnGeVWDz57Q=="
        }
      }
    },
    "brq": {
      "version": "0.1.6",
      "resolved": "https://registry.npmjs.org/brq/-/brq-0.1.6.tgz",
      "integrity": "sha512-hMYRlyg6UTuWQq12bXVvwYWNIkv5WC6iDiT4a83EW3JHMCKaVe3/wwrmguhGtpLagh0ah5YxM3QtasHvcWX5GQ==",
      "requires": {
        "bsert": "~0.0.8"
      }
    },
    "bs32": {
      "version": "0.1.5",
      "resolved": "https://registry.npmjs.org/bs32/-/bs32-0.1.5.tgz",
      "integrity": "sha512-YR9OXFjx8qmW/TpuJKc1RSdzRogpCYh1ygCSMi5Z3fG2QkP+Ra1IfcHsICqd/I/tmFAtc7ov8BpEyN8HJD7jlw==",
      "requires": {
        "bsert": "~0.0.10"
      },
      "dependencies": {
        "bsert": {
          "version": "0.0.10",
          "resolved": "https://registry.npmjs.org/bsert/-/bsert-0.0.10.tgz",
          "integrity": "sha512-NHNwlac+WPy4t2LoNh8pXk8uaIGH3NSaIUbTTRXGpE2WEbq0te/tDykYHkFK57YKLPjv/aGHmbqvnGeVWDz57Q=="
        }
      }
    },
    "bsert": {
      "version": "0.0.9",
      "resolved": "https://registry.npmjs.org/bsert/-/bsert-0.0.9.tgz",
      "integrity": "sha512-XrJyJMeVwobda8lfNcw6naCkYwY5KtDJ+aaEWM3eAo9Nr6Z/UxuLSOo+BRU8ccMdbEvvHya44754CWlcMTjpjw=="
    },
    "bsock": {
      "version": "0.1.7",
      "resolved": "https://registry.npmjs.org/bsock/-/bsock-0.1.7.tgz",
      "integrity": "sha512-dLJaiMwhfuetKTS3/CcUecwWkRLmzYy4/fvwkVvr90BThBv407hTZao3CS+DCtkorbZ2axZsFVMFjZIBIDigyA==",
      "requires": {
        "bsert": "~0.0.9"
      }
    }
  }
}
